// !$*UTF8*$!
{
	archiveVersion = 1;
	classes = {
	};
	objectVersion = 46;
	objects = {

/* Begin PBXBuildFile section */
		CDF512281E1D0F10009807E9 /* main.m in Sources */ = {isa = PBXBuildFile; fileRef = CDF512271E1D0F10009807E9 /* main.m */; };
		CDF512311E1D0F10009807E9 /* Main.storyboard in Resources */ = {isa = PBXBuildFile; fileRef = CDF5122F1E1D0F10009807E9 /* Main.storyboard */; };
		CDF512331E1D0F10009807E9 /* Assets.xcassets in Resources */ = {isa = PBXBuildFile; fileRef = CDF512321E1D0F10009807E9 /* Assets.xcassets */; };
		CDF512361E1D0F10009807E9 /* LaunchScreen.storyboard in Resources */ = {isa = PBXBuildFile; fileRef = CDF512341E1D0F10009807E9 /* LaunchScreen.storyboard */; };
		CDF512451E1D0F90009807E9 /* AppDelegate.m in Sources */ = {isa = PBXBuildFile; fileRef = CDF512441E1D0F90009807E9 /* AppDelegate.m */; };
/* End PBXBuildFile section */

/* Begin PBXFileReference section */
		CDF512231E1D0F10009807E9 /* AliPay-口碑页面Demo.app */ = {isa = PBXFileReference; explicitFileType = wrapper.application; includeInIndex = 0; path = "AliPay-口碑页面Demo.app"; sourceTree = BUILT_PRODUCTS_DIR; };
		CDF512271E1D0F10009807E9 /* main.m */ = {isa = PBXFileReference; lastKnownFileType = sourcecode.c.objc; path = main.m; sourceTree = "<group>"; };
		CDF512301E1D0F10009807E9 /* Base */ = {isa = PBXFileReference; lastKnownFileType = file.storyboard; name = Base; path = Base.lproj/Main.storyboard; sourceTree = "<group>"; };
		CDF512321E1D0F10009807E9 /* Assets.xcassets */ = {isa = PBXFileReference; lastKnownFileType = folder.assetcatalog; path = Assets.xcassets; sourceTree = "<group>"; };
		CDF512351E1D0F10009807E9 /* Base */ = {isa = PBXFileReference; lastKnownFileType = file.storyboard; name = Base; path = Base.lproj/LaunchScreen.storyboard; sourceTree = "<group>"; };
		CDF512371E1D0F10009807E9 /* Info.plist */ = {isa = PBXFileReference; lastKnownFileType = text.plist.xml; path = Info.plist; sourceTree = "<group>"; };
		CDF512431E1D0F90009807E9 /* AppDelegate.h */ = {isa = PBXFileReference; fileEncoding = 4; lastKnownFileType = sourcecode.c.h; path = AppDelegate.h; sourceTree = "<group>"; };
		CDF512441E1D0F90009807E9 /* AppDelegate.m */ = {isa = PBXFileReference; fileEncoding = 4; lastKnownFileType = sourcecode.c.objc; path = AppDelegate.m; sourceTree = "<group>"; };
/* End PBXFileReference section */

/* Begin PBXFrameworksBuildPhase section */
		CDF512201E1D0F10009807E9 /* Frameworks */ = {
			isa = PBXFrameworksBuildPhase;
			buildActionMask = 2147483647;
			files = (
			);
			runOnlyForDeploymentPostprocessing = 0;
		};
/* End PBXFrameworksBuildPhase section */

/* Begin PBXGroup section */
		CDF5121A1E1D0F10009807E9 = {
			isa = PBXGroup;
			children = (
				CDF512251E1D0F10009807E9 /* AliPay-口碑页面Demo */,
				CDF512241E1D0F10009807E9 /* Products */,
			);
			sourceTree = "<group>";
		};
		CDF512241E1D0F10009807E9 /* Products */ = {
			isa = PBXGroup;
			children = (
				CDF512231E1D0F10009807E9 /* AliPay-口碑页面Demo.app */,
			);
			name = Products;
			sourceTree = "<group>";
		};
		CDF512251E1D0F10009807E9 /* AliPay-口碑页面Demo */ = {
			isa = PBXGroup;
			children = (
				CDF5123D1E1D0F90009807E9 /* AliPay_Business */,
				CDF512421E1D0F90009807E9 /* Other */,
				CDF512261E1D0F10009807E9 /* Supporting Files */,
			);
			path = "AliPay-口碑页面Demo";
			sourceTree = "<group>";
		};
		CDF512261E1D0F10009807E9 /* Supporting Files */ = {
			isa = PBXGroup;
			children = (
				CDF512321E1D0F10009807E9 /* Assets.xcassets */,
				CDF512341E1D0F10009807E9 /* LaunchScreen.storyboard */,
				CDF512371E1D0F10009807E9 /* Info.plist */,
				CDF512271E1D0F10009807E9 /* main.m */,
			);
			name = "Supporting Files";
			sourceTree = "<group>";
		};
		CDF5123D1E1D0F90009807E9 /* AliPay_Business */ = {
			isa = PBXGroup;
			children = (
				CDF5123E1E1D0F90009807E9 /* Controller */,
				CDF5123F1E1D0F90009807E9 /* Model */,
				CDF512401E1D0F90009807E9 /* Other */,
				CDF512411E1D0F90009807E9 /* View */,
			);
			path = AliPay_Business;
			sourceTree = "<group>";
		};
		CDF5123E1E1D0F90009807E9 /* Controller */ = {
			isa = PBXGroup;
			children = (
			);
			path = Controller;
			sourceTree = "<group>";
		};
		CDF5123F1E1D0F90009807E9 /* Model */ = {
			isa = PBXGroup;
			children = (
			);
			path = Model;
			sourceTree = "<group>";
		};
		CDF512401E1D0F90009807E9 /* Other */ = {
			isa = PBXGroup;
			children = (
			);
			path = Other;
			sourceTree = "<group>";
		};
		CDF512411E1D0F90009807E9 /* View */ = {
			isa = PBXGroup;
			children = (
				CDF5122F1E1D0F10009807E9 /* Main.storyboard */,
			);
			path = View;
			sourceTree = "<group>";
		};
		CDF512421E1D0F90009807E9 /* Other */ = {
			isa = PBXGroup;
			children = (
				CDF512431E1D0F90009807E9 /* AppDelegate.h */,
				CDF512441E1D0F90009807E9 /* AppDelegate.m */,
			);
			path = Other;
			sourceTree = "<group>";
		};
/* End PBXGroup section */

/* Begin PBXNativeTarget section */
		CDF512221E1D0F10009807E9 /* AliPay-口碑页面Demo */ = {
			isa = PBXNativeTarget;
			buildConfigurationList = CDF5123A1E1D0F10009807E9 /* Build configuration list for PBXNativeTarget "AliPay-口碑页面Demo" */;
			buildPhases = (
				CDF5121F1E1D0F10009807E9 /* Sources */,
				CDF512201E1D0F10009807E9 /* Frameworks */,
				CDF512211E1D0F10009807E9 /* Resources */,
			);
			buildRules = (
			);
			dependencies = (
			);
			name = "AliPay-口碑页面Demo";
			productName = "AliPay-口碑页面Demo";
			productReference = CDF512231E1D0F10009807E9 /* AliPay-口碑页面Demo.app */;
			productType = "com.apple.product-type.application";
		};
/* End PBXNativeTarget section */

/* Begin PBXProject section */
		CDF5121B1E1D0F10009807E9 /* Project object */ = {
			isa = PBXProject;
			attributes = {
				CLASSPREFIX = LL;
				LastUpgradeCheck = 0820;
				ORGANIZATIONNAME = LockLight;
				TargetAttributes = {
					CDF512221E1D0F10009807E9 = {
						CreatedOnToolsVersion = 8.2.1;
						DevelopmentTeam = BV8SCCJTGN;
						ProvisioningStyle = Automatic;
					};
				};
			};
			buildConfigurationList = CDF5121E1E1D0F10009807E9 /* Build configuration list for PBXProject "AliPay-口碑页面Demo" */;
			compatibilityVersion = "Xcode 3.2";
			developmentRegion = English;
			hasScannedForEncodings = 0;
			knownRegions = (
				en,
				Base,
			);
			mainGroup = CDF5121A1E1D0F10009807E9;
			productRefGroup = CDF512241E1D0F10009807E9 /* Products */;
			projectDirPath = "";
			projectRoot = "";
			targets = (
				CDF512221E1D0F10009807E9 /* AliPay-口碑页面Demo */,
			);
		};
/* End PBXProject section */

/* Begin PBXResourcesBuildPhase section */
		CDF512211E1D0F10009807E9 /* Resources */ = {
			isa = PBXResourcesBuildPhase;
			buildActionMask = 2147483647;
			files = (
				CDF512361E1D0F10009807E9 /* LaunchScreen.storyboard in Resources */,
				CDF512331E1D0F10009807E9 /* Assets.xcassets in Resources */,
				CDF512311E1D0F10009807E9 /* Main.storyboard in Resources */,
			);
			runOnlyForDeploymentPostprocessing = 0;
		};
/* End PBXResourcesBuildPhase section */

/* Begin PBXSourcesBuildPhase section */
		CDF5121F1E1D0F10009807E9 /* Sources */ = {
			isa = PBXSourcesBuildPhase;
			buildActionMask = 2147483647;
			files = (
				CDF512451E1D0F90009807E9 /* AppDelegate.m in Sources */,
				CDF512281E1D0F10009807E9 /* main.m in Sources */,
			);
			runOnlyForDeploymentPostprocessing = 0;
		};
/* End PBXSourcesBuildPhase section */

/* Begin PBXVariantGroup section */
		CDF5122F1E1D0F10009807E9 /* Main.storyboard */ = {
			isa = PBXVariantGroup;
			children = (
				CDF512301E1D0F10009807E9 /* Base */,
			);
			name = Main.storyboard;
			path = ../..;
			sourceTree = "<group>";
		};
		CDF512341E1D0F10009807E9 /* LaunchScreen.storyboard */ = {
			isa = PBXVariantGroup;
			children = (
				CDF512351E1D0F10009807E9 /* Base */,
			);
			name = LaunchScreen.storyboard;
			sourceTree = "<group>";
		};
/* End PBXVariantGroup section */

/* Begin XCBuildConfiguration section */
		CDF512381E1D0F10009807E9 /* Debug */ = {
			isa = XCBuildConfiguration;
			buildSettings = {
				ALWAYS_SEARCH_USER_PATHS = NO;
				CLANG_ANALYZER_NONNULL = YES;
				CLANG_CXX_LANGUAGE_STANDARD = "gnu++0x";
				CLANG_CXX_LIBRARY = "libc++";
				CLANG_ENABLE_MODULES = YES;
				CLANG_ENABLE_OBJC_ARC = YES;
				CLANG_WARN_BOOL_CONVERSION = YES;
				CLANG_WARN_CONSTANT_CONVERSION = YES;
				CLANG_WARN_DIRECT_OBJC_ISA_USAGE = YES_ERROR;
				CLANG_WARN_DOCUMENTATION_COMMENTS = YES;
				CLANG_WARN_EMPTY_BODY = YES;
				CLANG_WARN_ENUM_CONVERSION = YES;
				CLANG_WARN_INFINITE_RECURSION = YES;
				CLANG_WARN_INT_CONVERSION = YES;
				CLANG_WARN_OBJC_ROOT_CLASS = YES_ERROR;
				CLANG_WARN_SUSPICIOUS_MOVE = YES;
				CLANG_WARN_UNREACHABLE_CODE = YES;
				CLANG_WARN__DUPLICATE_METHOD_MATCH = YES;
				"CODE_SIGN_IDENTITY[sdk=iphoneos*]" = "iPhone Developer";
				COPY_PHASE_STRIP = NO;
				DEBUG_INFORMATION_FORMAT = dwarf;
				ENABLE_STRICT_OBJC_MSGSEND = YES;
				ENABLE_TESTABILITY = YES;
				GCC_C_LANGUAGE_STANDARD = gnu99;
				GCC_DYNAMIC_NO_PIC = NO;
				GCC_NO_COMMON_BLOCKS = YES;
				GCC_OPTIMIZATION_LEVEL = 0;
				GCC_PREPROCESSOR_DEFINITIONS = (
					"DEBUG=1",
					"$(inherited)",
				);
				GCC_WARN_64_TO_32_BIT_CONVERSION = YES;
				GCC_WARN_ABOUT_RETURN_TYPE = YES_ERROR;
				GCC_WARN_UNDECLARED_SELECTOR = YES;
				GCC_WARN_UNINITIALIZED_AUTOS = YES_AGGRESSIVE;
				GCC_WARN_UNUSED_FUNCTION = YES;
				GCC_WARN_UNUSED_VARIABLE = YES;
				IPHONEOS_DEPLOYMENT_TARGET = 10.2;
				MTL_ENABLE_DEBUG_INFO = YES;
				ONLY_ACTIVE_ARCH = YES;
				SDKROOT = iphoneos;
			};
			name = Debug;
		};
		CDF512391E1D0F10009807E9 /* Release */ = {
			isa = XCBuildConfiguration;
			buildSettings = {
				ALWAYS_SEARCH_USER_PATHS = NO;
				CLANG_ANALYZER_NONNULL = YES;
				CLANG_CXX_LANGUAGE_STANDARD = "gnu++0x";
				CLANG_CXX_LIBRARY = "libc++";
				CLANG_ENABLE_MODULES = YES;
				CLANG_ENABLE_OBJC_ARC = YES;
				CLANG_WARN_BOOL_CONVERSION = YES;
				CLANG_WARN_CONSTANT_CONVERSION = YES;
				CLANG_WARN_DIRECT_OBJC_ISA_USAGE = YES_ERROR;
				CLANG_WARN_DOCUMENTATION_COMMENTS = YES;
				CLANG_WARN_EMPTY_BODY = YES;
				CLANG_WARN_ENUM_CONVERSION = YES;
				CLANG_WARN_INFINITE_RECURSION = YES;
				CLANG_WARN_INT_CONVERSION = YES;
				CLANG_WARN_OBJC_ROOT_CLASS = YES_ERROR;
				CLANG_WARN_SUSPICIOUS_MOVE = YES;
				CLANG_WARN_UNREACHABLE_CODE = YES;
				CLANG_WARN__DUPLICATE_METHOD_MATCH = YES;
				"CODE_SIGN_IDENTITY[sdk=iphoneos*]" = "iPhone Developer";
				COPY_PHASE_STRIP = NO;
				DEBUG_INFORMATION_FORMAT = "dwarf-with-dsym";
				ENABLE_NS_ASSERTIONS = NO;
				ENABLE_STRICT_OBJC_MSGSEND = YES;
				GCC_C_LANGUAGE_STANDARD = gnu99;
				GCC_NO_COMMON_BLOCKS = YES;
				GCC_WARN_64_TO_32_BIT_CONVERSION = YES;
				GCC_WARN_ABOUT_RETURN_TYPE = YES_ERROR;
				GCC_WARN_UNDECLARED_SELECTOR = YES;
				GCC_WARN_UNINITIALIZED_AUTOS = YES_AGGRESSIVE;
				GCC_WARN_UNUSED_FUNCTION = YES;
				GCC_WARN_UNUSED_VARIABLE = YES;
				IPHONEOS_DEPLOYMENT_TARGET = 10.2;
				MTL_ENABLE_DEBUG_INFO = NO;
				SDKROOT = iphoneos;
				VALIDATE_PRODUCT = YES;
			};
			name = Release;
		};
		CDF5123B1E1D0F10009807E9 /* Debug */ = {
			isa = XCBuildConfiguration;
			buildSettings = {
				ASSETCATALOG_COMPILER_APPICON_NAME = AppIcon;
				DEVELOPMENT_TEAM = BV8SCCJTGN;
				INFOPLIST_FILE = "AliPay-口碑页面Demo/Info.plist";
				LD_RUNPATH_SEARCH_PATHS = "$(inherited) @executable_path/Frameworks";
				PRODUCT_BUNDLE_IDENTIFIER = "com.LockLightz-gmail.com.AliPay-----Demo";
				PRODUCT_NAME = "$(TARGET_NAME)";
			};
			name = Debug;
		};
		CDF5123C1E1D0F10009807E9 /* Release */ = {
			isa = XCBuildConfiguration;
			buildSettings = {
				ASSETCATALOG_COMPILER_APPICON_NAME = AppIcon;
				DEVELOPMENT_TEAM = BV8SCCJTGN;
				INFOPLIST_FILE = "AliPay-口碑页面Demo/Info.plist";
				LD_RUNPATH_SEARCH_PATHS = "$(inherited) @executable_path/Frameworks";
				PRODUCT_BUNDLE_IDENTIFIER = "com.LockLightz-gmail.com.AliPay-----Demo";
				PRODUCT_NAME = "$(TARGET_NAME)";
			};
			name = Release;
		};
/* End XCBuildConfiguration section */

/* Begin XCConfigurationList section */
		CDF5121E1E1D0F10009807E9 /* Build configuration list for PBXProject "AliPay-口碑页面Demo" */ = {
			isa = XCConfigurationList;
			buildConfigurations = (
				CDF512381E1D0F10009807E9 /* Debug */,
				CDF512391E1D0F10009807E9 /* Release */,
			);
			defaultConfigurationIsVisible = 0;
			defaultConfigurationName = Release;
		};
		CDF5123A1E1D0F10009807E9 /* Build configuration list for PBXNativeTarget "AliPay-口碑页面Demo" */ = {
			isa = XCConfigurationList;
			buildConfigurations = (
				CDF5123B1E1D0F10009807E9 /* Debug */,
				CDF5123C1E1D0F10009807E9 /* Release */,
			);
			defaultConfigurationIsVisible = 0;
		};
/* End XCConfigurationList section */
	};
	rootObject = CDF5121B1E1D0F10009807E9 /* Project object */;
}
